// !$*UTF8*$!
{
	archiveVersion = 1;
	classes = {
	};
	objectVersion = 55;
	objects = {

/* Begin PBXBuildFile section */
		4639FCBD28A76C0C0054EAD6 /* JangGaeJaRangApp.swift in Sources */ = {isa = PBXBuildFile; fileRef = 4639FCBC28A76C0C0054EAD6 /* JangGaeJaRangApp.swift */; };
		4639FCBF28A76C0C0054EAD6 /* ContentView.swift in Sources */ = {isa = PBXBuildFile; fileRef = 4639FCBE28A76C0C0054EAD6 /* ContentView.swift */; };
		4639FCC128A76C0E0054EAD6 /* Assets.xcassets in Resources */ = {isa = PBXBuildFile; fileRef = 4639FCC028A76C0E0054EAD6 /* Assets.xcassets */; };
		4639FCC428A76C0E0054EAD6 /* Preview Assets.xcassets in Resources */ = {isa = PBXBuildFile; fileRef = 4639FCC328A76C0E0054EAD6 /* Preview Assets.xcassets */; };
		4639FCCC28A76EAE0054EAD6 /* FirebaseAuth in Frameworks */ = {isa = PBXBuildFile; productRef = 4639FCCB28A76EAE0054EAD6 /* FirebaseAuth */; };
		4639FCD028A76EAE0054EAD6 /* FirebaseFirestore in Frameworks */ = {isa = PBXBuildFile; productRef = 4639FCCF28A76EAE0054EAD6 /* FirebaseFirestore */; };
		4639FCD428A76EAE0054EAD6 /* FirebaseFirestoreSwift in Frameworks */ = {isa = PBXBuildFile; productRef = 4639FCD328A76EAE0054EAD6 /* FirebaseFirestoreSwift */; };
		4639FCD628A76EAE0054EAD6 /* FirebaseStorage in Frameworks */ = {isa = PBXBuildFile; productRef = 4639FCD528A76EAE0054EAD6 /* FirebaseStorage */; };
		4639FCE328A781E30054EAD6 /* SigninView.swift in Sources */ = {isa = PBXBuildFile; fileRef = 4639FCE228A781E30054EAD6 /* SigninView.swift */; };
		4639FCE528A781ED0054EAD6 /* Components.swift in Sources */ = {isa = PBXBuildFile; fileRef = 4639FCE428A781ED0054EAD6 /* Components.swift */; };
		4639FCEB28A782300054EAD6 /* SigninVM.swift in Sources */ = {isa = PBXBuildFile; fileRef = 4639FCEA28A782300054EAD6 /* SigninVM.swift */; };
		4639FCEE28A783850054EAD6 /* AuthService.swift in Sources */ = {isa = PBXBuildFile; fileRef = 4639FCED28A783850054EAD6 /* AuthService.swift */; };
		D54F6F4B28A7AD86009271DD /* ColorExtension.swift in Sources */ = {isa = PBXBuildFile; fileRef = D54F6F4A28A7AD86009271DD /* ColorExtension.swift */; };
/* End PBXBuildFile section */

/* Begin PBXFileReference section */
		4639FCB928A76C0C0054EAD6 /* JangGaeJaRang.app */ = {isa = PBXFileReference; explicitFileType = wrapper.application; includeInIndex = 0; path = JangGaeJaRang.app; sourceTree = BUILT_PRODUCTS_DIR; };
		4639FCBC28A76C0C0054EAD6 /* JangGaeJaRangApp.swift */ = {isa = PBXFileReference; lastKnownFileType = sourcecode.swift; path = JangGaeJaRangApp.swift; sourceTree = "<group>"; };
		4639FCBE28A76C0C0054EAD6 /* ContentView.swift */ = {isa = PBXFileReference; lastKnownFileType = sourcecode.swift; path = ContentView.swift; sourceTree = "<group>"; };
		4639FCC028A76C0E0054EAD6 /* Assets.xcassets */ = {isa = PBXFileReference; lastKnownFileType = folder.assetcatalog; path = Assets.xcassets; sourceTree = "<group>"; };
		4639FCC328A76C0E0054EAD6 /* Preview Assets.xcassets */ = {isa = PBXFileReference; lastKnownFileType = folder.assetcatalog; path = "Preview Assets.xcassets"; sourceTree = "<group>"; };
		4639FCE228A781E30054EAD6 /* SigninView.swift */ = {isa = PBXFileReference; lastKnownFileType = sourcecode.swift; path = SigninView.swift; sourceTree = "<group>"; };
		4639FCE428A781ED0054EAD6 /* Components.swift */ = {isa = PBXFileReference; lastKnownFileType = sourcecode.swift; path = Components.swift; sourceTree = "<group>"; };
		4639FCEA28A782300054EAD6 /* SigninVM.swift */ = {isa = PBXFileReference; lastKnownFileType = sourcecode.swift; path = SigninVM.swift; sourceTree = "<group>"; };
		4639FCED28A783850054EAD6 /* AuthService.swift */ = {isa = PBXFileReference; lastKnownFileType = sourcecode.swift; path = AuthService.swift; sourceTree = "<group>"; };
		D54F6F4A28A7AD86009271DD /* ColorExtension.swift */ = {isa = PBXFileReference; fileEncoding = 4; lastKnownFileType = sourcecode.swift; path = ColorExtension.swift; sourceTree = "<group>"; };
/* End PBXFileReference section */

/* Begin PBXFrameworksBuildPhase section */
		4639FCB628A76C0C0054EAD6 /* Frameworks */ = {
			isa = PBXFrameworksBuildPhase;
			buildActionMask = 2147483647;
			files = (
				4639FCD428A76EAE0054EAD6 /* FirebaseFirestoreSwift in Frameworks */,
				4639FCCC28A76EAE0054EAD6 /* FirebaseAuth in Frameworks */,
				4639FCD028A76EAE0054EAD6 /* FirebaseFirestore in Frameworks */,
				4639FCD628A76EAE0054EAD6 /* FirebaseStorage in Frameworks */,
			);
			runOnlyForDeploymentPostprocessing = 0;
		};
/* End PBXFrameworksBuildPhase section */

/* Begin PBXGroup section */
		4639FCB028A76C0C0054EAD6 = {
			isa = PBXGroup;
			children = (
				4639FCBB28A76C0C0054EAD6 /* JangGaeJaRang */,
				4639FCBA28A76C0C0054EAD6 /* Products */,
			);
			sourceTree = "<group>";
		};
		4639FCBA28A76C0C0054EAD6 /* Products */ = {
			isa = PBXGroup;
			children = (
				4639FCB928A76C0C0054EAD6 /* JangGaeJaRang.app */,
			);
			name = Products;
			sourceTree = "<group>";
		};
		4639FCBB28A76C0C0054EAD6 /* JangGaeJaRang */ = {
			isa = PBXGroup;
			children = (
				4639FCF028A7840B0054EAD6 /* App */,
				4639FCEF28A784040054EAD6 /* Resources */,
				4639FCDB28A7817D0054EAD6 /* Presentation */,
				4639FCDA28A7817A0054EAD6 /* Data */,
				4639FCC228A76C0E0054EAD6 /* Preview Content */,
			);
			path = JangGaeJaRang;
			sourceTree = "<group>";
		};
		4639FCC228A76C0E0054EAD6 /* Preview Content */ = {
			isa = PBXGroup;
			children = (
				4639FCC328A76C0E0054EAD6 /* Preview Assets.xcassets */,
			);
			path = "Preview Content";
			sourceTree = "<group>";
		};
		4639FCDA28A7817A0054EAD6 /* Data */ = {
			isa = PBXGroup;
			children = (
				4639FCED28A783850054EAD6 /* AuthService.swift */,
			);
			path = Data;
			sourceTree = "<group>";
		};
		4639FCDB28A7817D0054EAD6 /* Presentation */ = {
			isa = PBXGroup;
			children = (
				46DE811328A78E0D008A4B55 /* Scenes */,
				4639FCDE28A781990054EAD6 /* Components */,
				4639FCDC28A781820054EAD6 /* Utils */,
			);
			path = Presentation;
			sourceTree = "<group>";
		};
		4639FCDC28A781820054EAD6 /* Utils */ = {
			isa = PBXGroup;
			children = (
				D54F6F4928A7AD86009271DD /* Extensions */,
			);
			path = Utils;
			sourceTree = "<group>";
		};
		4639FCDE28A781990054EAD6 /* Components */ = {
			isa = PBXGroup;
			children = (
				4639FCE428A781ED0054EAD6 /* Components.swift */,
			);
			path = Components;
			sourceTree = "<group>";
		};
		4639FCDF28A781BD0054EAD6 /* Signin */ = {
			isa = PBXGroup;
			children = (
				4639FCE228A781E30054EAD6 /* SigninView.swift */,
				4639FCEA28A782300054EAD6 /* SigninVM.swift */,
			);
			path = Signin;
			sourceTree = "<group>";
		};
		4639FCEF28A784040054EAD6 /* Resources */ = {
			isa = PBXGroup;
			children = (
				4639FCC028A76C0E0054EAD6 /* Assets.xcassets */,
			);
			path = Resources;
			sourceTree = "<group>";
		};
		4639FCF028A7840B0054EAD6 /* App */ = {
			isa = PBXGroup;
			children = (
				4639FCBE28A76C0C0054EAD6 /* ContentView.swift */,
				4639FCBC28A76C0C0054EAD6 /* JangGaeJaRangApp.swift */,
			);
			path = App;
			sourceTree = "<group>";
		};
		46DE811328A78E0D008A4B55 /* Scenes */ = {
			isa = PBXGroup;
			children = (
				4639FCDF28A781BD0054EAD6 /* Signin */,
			);
			path = Scenes;
			sourceTree = "<group>";
		};
		D54F6F4928A7AD86009271DD /* Extensions */ = {
			isa = PBXGroup;
			children = (
				D54F6F4A28A7AD86009271DD /* ColorExtension.swift */,
			);
			path = Extensions;
			sourceTree = "<group>";
		};
/* End PBXGroup section */

/* Begin PBXNativeTarget section */
		4639FCB828A76C0C0054EAD6 /* JangGaeJaRang */ = {
			isa = PBXNativeTarget;
			buildConfigurationList = 4639FCC728A76C0E0054EAD6 /* Build configuration list for PBXNativeTarget "JangGaeJaRang" */;
			buildPhases = (
				46DE811228A784D7008A4B55 /* SwiftLint Run Script */,
				4639FCB528A76C0C0054EAD6 /* Sources */,
				4639FCB628A76C0C0054EAD6 /* Frameworks */,
				4639FCB728A76C0C0054EAD6 /* Resources */,
			);
			buildRules = (
			);
			dependencies = (
			);
			name = JangGaeJaRang;
			packageProductDependencies = (
				4639FCCB28A76EAE0054EAD6 /* FirebaseAuth */,
				4639FCCF28A76EAE0054EAD6 /* FirebaseFirestore */,
				4639FCD328A76EAE0054EAD6 /* FirebaseFirestoreSwift */,
				4639FCD528A76EAE0054EAD6 /* FirebaseStorage */,
			);
			productName = JangGaeJaRang;
			productReference = 4639FCB928A76C0C0054EAD6 /* JangGaeJaRang.app */;
			productType = "com.apple.product-type.application";
		};
/* End PBXNativeTarget section */

/* Begin PBXProject section */
		4639FCB128A76C0C0054EAD6 /* Project object */ = {
			isa = PBXProject;
			attributes = {
				BuildIndependentTargetsInParallel = 1;
				LastSwiftUpdateCheck = 1340;
				LastUpgradeCheck = 1340;
				TargetAttributes = {
					4639FCB828A76C0C0054EAD6 = {
						CreatedOnToolsVersion = 13.4;
					};
				};
			};
			buildConfigurationList = 4639FCB428A76C0C0054EAD6 /* Build configuration list for PBXProject "JangGaeJaRang" */;
			compatibilityVersion = "Xcode 13.0";
			developmentRegion = en;
			hasScannedForEncodings = 0;
			knownRegions = (
				en,
				Base,
			);
			mainGroup = 4639FCB028A76C0C0054EAD6;
			packageReferences = (
				4639FCCA28A76EAE0054EAD6 /* XCRemoteSwiftPackageReference "firebase-ios-sdk" */,
			);
			productRefGroup = 4639FCBA28A76C0C0054EAD6 /* Products */;
			projectDirPath = "";
			projectRoot = "";
			targets = (
				4639FCB828A76C0C0054EAD6 /* JangGaeJaRang */,
			);
		};
/* End PBXProject section */

/* Begin PBXResourcesBuildPhase section */
		4639FCB728A76C0C0054EAD6 /* Resources */ = {
			isa = PBXResourcesBuildPhase;
			buildActionMask = 2147483647;
			files = (
				4639FCC428A76C0E0054EAD6 /* Preview Assets.xcassets in Resources */,
				4639FCC128A76C0E0054EAD6 /* Assets.xcassets in Resources */,
			);
			runOnlyForDeploymentPostprocessing = 0;
		};
/* End PBXResourcesBuildPhase section */

/* Begin PBXShellScriptBuildPhase section */
		46DE811228A784D7008A4B55 /* SwiftLint Run Script */ = {
			isa = PBXShellScriptBuildPhase;
			buildActionMask = 2147483647;
			files = (
			);
			inputFileListPaths = (
			);
			inputPaths = (
			);
			name = "SwiftLint Run Script";
			outputFileListPaths = (
			);
			outputPaths = (
			);
			runOnlyForDeploymentPostprocessing = 0;
			shellPath = /bin/sh;
			shellScript = "if test -d \"/opt/homebrew/bin/\"; then\n    PATH=\"/opt/homebrew/bin/:${PATH}\"\nfi\n\nexport PATH\n\nif which swiftlint > /dev/null; then\n    swiftlint\nelse\n    echo \"warning: SwiftLint not installed, download from https://github.com/realm/SwiftLint\"\nfi\n";
		};
/* End PBXShellScriptBuildPhase section */

/* Begin PBXSourcesBuildPhase section */
		4639FCB528A76C0C0054EAD6 /* Sources */ = {
			isa = PBXSourcesBuildPhase;
			buildActionMask = 2147483647;
			files = (
				4639FCEE28A783850054EAD6 /* AuthService.swift in Sources */,
				4639FCBF28A76C0C0054EAD6 /* ContentView.swift in Sources */,
				D54F6F4B28A7AD86009271DD /* ColorExtension.swift in Sources */,
				4639FCEB28A782300054EAD6 /* SigninVM.swift in Sources */,
				4639FCE528A781ED0054EAD6 /* Components.swift in Sources */,
				4639FCBD28A76C0C0054EAD6 /* JangGaeJaRangApp.swift in Sources */,
				4639FCE328A781E30054EAD6 /* SigninView.swift in Sources */,
			);
			runOnlyForDeploymentPostprocessing = 0;
		};
/* End PBXSourcesBuildPhase section */

/* Begin XCBuildConfiguration section */
		4639FCC528A76C0E0054EAD6 /* Debug */ = {
			isa = XCBuildConfiguration;
			buildSettings = {
				ALWAYS_SEARCH_USER_PATHS = NO;
				CLANG_ANALYZER_NONNULL = YES;
				CLANG_ANALYZER_NUMBER_OBJECT_CONVERSION = YES_AGGRESSIVE;
				CLANG_CXX_LANGUAGE_STANDARD = "gnu++17";
				CLANG_ENABLE_MODULES = YES;
				CLANG_ENABLE_OBJC_ARC = YES;
				CLANG_ENABLE_OBJC_WEAK = YES;
				CLANG_WARN_BLOCK_CAPTURE_AUTORELEASING = YES;
				CLANG_WARN_BOOL_CONVERSION = YES;
				CLANG_WARN_COMMA = YES;
				CLANG_WARN_CONSTANT_CONVERSION = YES;
				CLANG_WARN_DEPRECATED_OBJC_IMPLEMENTATIONS = YES;
				CLANG_WARN_DIRECT_OBJC_ISA_USAGE = YES_ERROR;
				CLANG_WARN_DOCUMENTATION_COMMENTS = YES;
				CLANG_WARN_EMPTY_BODY = YES;
				CLANG_WARN_ENUM_CONVERSION = YES;
				CLANG_WARN_INFINITE_RECURSION = YES;
				CLANG_WARN_INT_CONVERSION = YES;
				CLANG_WARN_NON_LITERAL_NULL_CONVERSION = YES;
				CLANG_WARN_OBJC_IMPLICIT_RETAIN_SELF = YES;
				CLANG_WARN_OBJC_LITERAL_CONVERSION = YES;
				CLANG_WARN_OBJC_ROOT_CLASS = YES_ERROR;
				CLANG_WARN_QUOTED_INCLUDE_IN_FRAMEWORK_HEADER = YES;
				CLANG_WARN_RANGE_LOOP_ANALYSIS = YES;
				CLANG_WARN_STRICT_PROTOTYPES = YES;
				CLANG_WARN_SUSPICIOUS_MOVE = YES;
				CLANG_WARN_UNGUARDED_AVAILABILITY = YES_AGGRESSIVE;
				CLANG_WARN_UNREACHABLE_CODE = YES;
				CLANG_WARN__DUPLICATE_METHOD_MATCH = YES;
				COPY_PHASE_STRIP = NO;
				DEBUG_INFORMATION_FORMAT = dwarf;
				ENABLE_STRICT_OBJC_MSGSEND = YES;
				ENABLE_TESTABILITY = YES;
				GCC_C_LANGUAGE_STANDARD = gnu11;
				GCC_DYNAMIC_NO_PIC = NO;
				GCC_NO_COMMON_BLOCKS = YES;
				GCC_OPTIMIZATION_LEVEL = 0;
				GCC_PREPROCESSOR_DEFINITIONS = (
					"DEBUG=1",
					"$(inherited)",
				);
				GCC_WARN_64_TO_32_BIT_CONVERSION = YES;
				GCC_WARN_ABOUT_RETURN_TYPE = YES_ERROR;
				GCC_WARN_UNDECLARED_SELECTOR = YES;
				GCC_WARN_UNINITIALIZED_AUTOS = YES_AGGRESSIVE;
				GCC_WARN_UNUSED_FUNCTION = YES;
				GCC_WARN_UNUSED_VARIABLE = YES;
				IPHONEOS_DEPLOYMENT_TARGET = 15.5;
				MTL_ENABLE_DEBUG_INFO = INCLUDE_SOURCE;
				MTL_FAST_MATH = YES;
				ONLY_ACTIVE_ARCH = YES;
				SDKROOT = iphoneos;
				SWIFT_ACTIVE_COMPILATION_CONDITIONS = DEBUG;
				SWIFT_OPTIMIZATION_LEVEL = "-Onone";
			};
			name = Debug;
		};
		4639FCC628A76C0E0054EAD6 /* Release */ = {
			isa = XCBuildConfiguration;
			buildSettings = {
				ALWAYS_SEARCH_USER_PATHS = NO;
				CLANG_ANALYZER_NONNULL = YES;
				CLANG_ANALYZER_NUMBER_OBJECT_CONVERSION = YES_AGGRESSIVE;
				CLANG_CXX_LANGUAGE_STANDARD = "gnu++17";
				CLANG_ENABLE_MODULES = YES;
				CLANG_ENABLE_OBJC_ARC = YES;
				CLANG_ENABLE_OBJC_WEAK = YES;
				CLANG_WARN_BLOCK_CAPTURE_AUTORELEASING = YES;
				CLANG_WARN_BOOL_CONVERSION = YES;
				CLANG_WARN_COMMA = YES;
				CLANG_WARN_CONSTANT_CONVERSION = YES;
				CLANG_WARN_DEPRECATED_OBJC_IMPLEMENTATIONS = YES;
				CLANG_WARN_DIRECT_OBJC_ISA_USAGE = YES_ERROR;
				CLANG_WARN_DOCUMENTATION_COMMENTS = YES;
				CLANG_WARN_EMPTY_BODY = YES;
				CLANG_WARN_ENUM_CONVERSION = YES;
				CLANG_WARN_INFINITE_RECURSION = YES;
				CLANG_WARN_INT_CONVERSION = YES;
				CLANG_WARN_NON_LITERAL_NULL_CONVERSION = YES;
				CLANG_WARN_OBJC_IMPLICIT_RETAIN_SELF = YES;
				CLANG_WARN_OBJC_LITERAL_CONVERSION = YES;
				CLANG_WARN_OBJC_ROOT_CLASS = YES_ERROR;
				CLANG_WARN_QUOTED_INCLUDE_IN_FRAMEWORK_HEADER = YES;
				CLANG_WARN_RANGE_LOOP_ANALYSIS = YES;
				CLANG_WARN_STRICT_PROTOTYPES = YES;
				CLANG_WARN_SUSPICIOUS_MOVE = YES;
				CLANG_WARN_UNGUARDED_AVAILABILITY = YES_AGGRESSIVE;
				CLANG_WARN_UNREACHABLE_CODE = YES;
				CLANG_WARN__DUPLICATE_METHOD_MATCH = YES;
				COPY_PHASE_STRIP = NO;
				DEBUG_INFORMATION_FORMAT = "dwarf-with-dsym";
				ENABLE_NS_ASSERTIONS = NO;
				ENABLE_STRICT_OBJC_MSGSEND = YES;
				GCC_C_LANGUAGE_STANDARD = gnu11;
				GCC_NO_COMMON_BLOCKS = YES;
				GCC_WARN_64_TO_32_BIT_CONVERSION = YES;
				GCC_WARN_ABOUT_RETURN_TYPE = YES_ERROR;
				GCC_WARN_UNDECLARED_SELECTOR = YES;
				GCC_WARN_UNINITIALIZED_AUTOS = YES_AGGRESSIVE;
				GCC_WARN_UNUSED_FUNCTION = YES;
				GCC_WARN_UNUSED_VARIABLE = YES;
				IPHONEOS_DEPLOYMENT_TARGET = 15.5;
				MTL_ENABLE_DEBUG_INFO = NO;
				MTL_FAST_MATH = YES;
				SDKROOT = iphoneos;
				SWIFT_COMPILATION_MODE = wholemodule;
				SWIFT_OPTIMIZATION_LEVEL = "-O";
				VALIDATE_PRODUCT = YES;
			};
			name = Release;
		};
		4639FCC828A76C0E0054EAD6 /* Debug */ = {
			isa = XCBuildConfiguration;
			buildSettings = {
				ASSETCATALOG_COMPILER_APPICON_NAME = AppIcon;
				ASSETCATALOG_COMPILER_GLOBAL_ACCENT_COLOR_NAME = AccentColor;
				CODE_SIGN_STYLE = Automatic;
				CURRENT_PROJECT_VERSION = 1;
				DEVELOPMENT_ASSET_PATHS = "\"JangGaeJaRang/Preview Content\"";
				ENABLE_PREVIEWS = YES;
				GENERATE_INFOPLIST_FILE = YES;
				INFOPLIST_KEY_UIApplicationSceneManifest_Generation = YES;
				INFOPLIST_KEY_UIApplicationSupportsIndirectInputEvents = YES;
				INFOPLIST_KEY_UILaunchScreen_Generation = YES;
				INFOPLIST_KEY_UISupportedInterfaceOrientations_iPad = "UIInterfaceOrientationPortrait UIInterfaceOrientationPortraitUpsideDown UIInterfaceOrientationLandscapeLeft UIInterfaceOrientationLandscapeRight";
				INFOPLIST_KEY_UISupportedInterfaceOrientations_iPhone = "UIInterfaceOrientationPortrait UIInterfaceOrientationLandscapeLeft UIInterfaceOrientationLandscapeRight";
				LD_RUNPATH_SEARCH_PATHS = (
					"$(inherited)",
					"@executable_path/Frameworks",
				);
				MARKETING_VERSION = 1.0;
				PRODUCT_BUNDLE_IDENTIFIER = com.spaghetti.JangGaeJaRang;
				PRODUCT_NAME = "$(TARGET_NAME)";
				SWIFT_EMIT_LOC_STRINGS = YES;
				SWIFT_VERSION = 5.0;
				TARGETED_DEVICE_FAMILY = "1,2";
			};
			name = Debug;
		};
		4639FCC928A76C0E0054EAD6 /* Release */ = {
			isa = XCBuildConfiguration;
			buildSettings = {
				ASSETCATALOG_COMPILER_APPICON_NAME = AppIcon;
				ASSETCATALOG_COMPILER_GLOBAL_ACCENT_COLOR_NAME = AccentColor;
				CODE_SIGN_STYLE = Automatic;
				CURRENT_PROJECT_VERSION = 1;
				DEVELOPMENT_ASSET_PATHS = "\"JangGaeJaRang/Preview Content\"";
				ENABLE_PREVIEWS = YES;
				GENERATE_INFOPLIST_FILE = YES;
				INFOPLIST_KEY_UIApplicationSceneManifest_Generation = YES;
				INFOPLIST_KEY_UIApplicationSupportsIndirectInputEvents = YES;
				INFOPLIST_KEY_UILaunchScreen_Generation = YES;
				INFOPLIST_KEY_UISupportedInterfaceOrientations_iPad = "UIInterfaceOrientationPortrait UIInterfaceOrientationPortraitUpsideDown UIInterfaceOrientationLandscapeLeft UIInterfaceOrientationLandscapeRight";
				INFOPLIST_KEY_UISupportedInterfaceOrientations_iPhone = "UIInterfaceOrientationPortrait UIInterfaceOrientationLandscapeLeft UIInterfaceOrientationLandscapeRight";
				LD_RUNPATH_SEARCH_PATHS = (
					"$(inherited)",
					"@executable_path/Frameworks",
				);
				MARKETING_VERSION = 1.0;
				PRODUCT_BUNDLE_IDENTIFIER = com.spaghetti.JangGaeJaRang;
				PRODUCT_NAME = "$(TARGET_NAME)";
				SWIFT_EMIT_LOC_STRINGS = YES;
				SWIFT_VERSION = 5.0;
				TARGETED_DEVICE_FAMILY = "1,2";
			};
			name = Release;
		};
/* End XCBuildConfiguration section */

/* Begin XCConfigurationList section */
		4639FCB428A76C0C0054EAD6 /* Build configuration list for PBXProject "JangGaeJaRang" */ = {
			isa = XCConfigurationList;
			buildConfigurations = (
				4639FCC528A76C0E0054EAD6 /* Debug */,
				4639FCC628A76C0E0054EAD6 /* Release */,
			);
			defaultConfigurationIsVisible = 0;
			defaultConfigurationName = Release;
		};
		4639FCC728A76C0E0054EAD6 /* Build configuration list for PBXNativeTarget "JangGaeJaRang" */ = {
			isa = XCConfigurationList;
			buildConfigurations = (
				4639FCC828A76C0E0054EAD6 /* Debug */,
				4639FCC928A76C0E0054EAD6 /* Release */,
			);
			defaultConfigurationIsVisible = 0;
			defaultConfigurationName = Release;
		};
/* End XCConfigurationList section */

/* Begin XCRemoteSwiftPackageReference section */
		4639FCCA28A76EAE0054EAD6 /* XCRemoteSwiftPackageReference "firebase-ios-sdk" */ = {
			isa = XCRemoteSwiftPackageReference;
			repositoryURL = "https://github.com/firebase/firebase-ios-sdk";
			requirement = {
				branch = master;
				kind = branch;
			};
		};
/* End XCRemoteSwiftPackageReference section */

/* Begin XCSwiftPackageProductDependency section */
		4639FCCB28A76EAE0054EAD6 /* FirebaseAuth */ = {
			isa = XCSwiftPackageProductDependency;
			package = 4639FCCA28A76EAE0054EAD6 /* XCRemoteSwiftPackageReference "firebase-ios-sdk" */;
			productName = FirebaseAuth;
		};
		4639FCCF28A76EAE0054EAD6 /* FirebaseFirestore */ = {
			isa = XCSwiftPackageProductDependency;
			package = 4639FCCA28A76EAE0054EAD6 /* XCRemoteSwiftPackageReference "firebase-ios-sdk" */;
			productName = FirebaseFirestore;
		};
		4639FCD328A76EAE0054EAD6 /* FirebaseFirestoreSwift */ = {
			isa = XCSwiftPackageProductDependency;
			package = 4639FCCA28A76EAE0054EAD6 /* XCRemoteSwiftPackageReference "firebase-ios-sdk" */;
			productName = FirebaseFirestoreSwift;
		};
		4639FCD528A76EAE0054EAD6 /* FirebaseStorage */ = {
			isa = XCSwiftPackageProductDependency;
			package = 4639FCCA28A76EAE0054EAD6 /* XCRemoteSwiftPackageReference "firebase-ios-sdk" */;
			productName = FirebaseStorage;
		};
/* End XCSwiftPackageProductDependency section */
	};
	rootObject = 4639FCB128A76C0C0054EAD6 /* Project object */;
}
